
Microsoft Visual Studio Solution File, Format Version 12.00
# Visual Studio 15
VisualStudioVersion = 15.0.28307.645
MinimumVisualStudioVersion = 10.0.40219.1
Project("{FAE04EC0-301F-11D3-BF4B-00C04F79EFBC}") = "SpaceBattle.Client", "SpaceBattle.Client\SpaceBattle.Client.csproj", "{99B10991-9631-429E-8A95-285186FD81CA}"
EndProject
Global
	GlobalSection(SolutionConfigurationPlatforms) = preSolution
		Debug|Any CPU = Debug|Any CPU
		Release|Any CPU = Release|Any CPU
	EndGlobalSection
	GlobalSection(ProjectConfigurationPlatforms) = postSolution
		{99B10991-9631-429E-8A95-285186FD81CA}.Debug|Any CPU.ActiveCfg = Debug|Any CPU
		{99B10991-9631-429E-8A95-285186FD81CA}.Debug|Any CPU.Build.0 = Debug|Any CPU
		{99B10991-9631-429E-8A95-285186FD81CA}.Release|Any CPU.ActiveCfg = Release|Any CPU
		{99B10991-9631-429E-8A95-285186FD81CA}.Release|Any CPU.Build.0 = Release|Any CPU
	EndGlobalSection
	GlobalSection(SolutionProperties) = preSolution
		HideSolutionNode = FALSE
	EndGlobalSection
	GlobalSection(ExtensibilityGlobals) = postSolution
		SolutionGuid = {96D43D5C-0605-4FEC-A9C6-97959C29FAC4}
	EndGlobalSection
EndGlobal
